
Microsoft Visual Studio Solution File, Format Version 12.00
# Visual Studio 2013
VisualStudioVersion = 12.0.30501.0
MinimumVisualStudioVersion = 10.0.40219.1
Project("{FAE04EC0-301F-11D3-BF4B-00C04F79EFBC}") = "NHibernateTest", "NHibernateTest\NHibernateTest.csproj", "{9E2BE763-BD21-4BDA-907D-1328D3D77443}"
EndProject
Project("{FAE04EC0-301F-11D3-BF4B-00C04F79EFBC}") = "NHibernate.Model", "NHibernate.Model\NHibernate.Model.csproj", "{50338BBC-6590-4877-8715-D79712C71B3B}"
EndProject
Project("{FAE04EC0-301F-11D3-BF4B-00C04F79EFBC}") = "NhibernateHelper", "NhibernateHelper\NhibernateHelper.csproj", "{5563B95D-A47C-40C3-AA1F-18B2E695F136}"
EndProject
Global
	GlobalSection(SolutionConfigurationPlatforms) = preSolution
		Debug|Any CPU = Debug|Any CPU
		Release|Any CPU = Release|Any CPU
	EndGlobalSection
	GlobalSection(ProjectConfigurationPlatforms) = postSolution
		{9E2BE763-BD21-4BDA-907D-1328D3D77443}.Debug|Any CPU.ActiveCfg = Debug|Any CPU
		{9E2BE763-BD21-4BDA-907D-1328D3D77443}.Debug|Any CPU.Build.0 = Debug|Any CPU
		{9E2BE763-BD21-4BDA-907D-1328D3D77443}.Release|Any CPU.ActiveCfg = Release|Any CPU
		{9E2BE763-BD21-4BDA-907D-1328D3D77443}.Release|Any CPU.Build.0 = Release|Any CPU
		{50338BBC-6590-4877-8715-D79712C71B3B}.Debug|Any CPU.ActiveCfg = Debug|Any CPU
		{50338BBC-6590-4877-8715-D79712C71B3B}.Debug|Any CPU.Build.0 = Debug|Any CPU
		{50338BBC-6590-4877-8715-D79712C71B3B}.Release|Any CPU.ActiveCfg = Release|Any CPU
		{50338BBC-6590-4877-8715-D79712C71B3B}.Release|Any CPU.Build.0 = Release|Any CPU
		{5563B95D-A47C-40C3-AA1F-18B2E695F136}.Debug|Any CPU.ActiveCfg = Debug|Any CPU
		{5563B95D-A47C-40C3-AA1F-18B2E695F136}.Debug|Any CPU.Build.0 = Debug|Any CPU
		{5563B95D-A47C-40C3-AA1F-18B2E695F136}.Release|Any CPU.ActiveCfg = Release|Any CPU
		{5563B95D-A47C-40C3-AA1F-18B2E695F136}.Release|Any CPU.Build.0 = Release|Any CPU
	EndGlobalSection
	GlobalSection(SolutionProperties) = preSolution
		HideSolutionNode = FALSE
	EndGlobalSection
EndGlobal
